// !$*UTF8*$!
{
	archiveVersion = 1;
	classes = {
	};
	objectVersion = 77;
	objects = {

/* Begin PBXBuildFile section */
		304E059D2D84611F00D79A8E /* Assets.xcassets in Resources */ = {isa = PBXBuildFile; fileRef = 304E05962D84611F00D79A8E /* Assets.xcassets */; };
		304E059E2D84611F00D79A8E /* File.txt in Resources */ = {isa = PBXBuildFile; fileRef = 304E05972D84611F00D79A8E /* File.txt */; };
		304E05A02D84611F00D79A8E /* LaunchScreen.storyboard in Resources */ = {isa = PBXBuildFile; fileRef = 304E059A2D84611F00D79A8E /* LaunchScreen.storyboard */; };
		304E05A12D84611F00D79A8E /* AccountSummaryViewController.swift in Sources */ = {isa = PBXBuildFile; fileRef = 304E058A2D84611F00D79A8E /* AccountSummaryViewController.swift */; };
		304E05A22D84611F00D79A8E /* LoginView.swift in Sources */ = {isa = PBXBuildFile; fileRef = 304E058C2D84611F00D79A8E /* LoginView.swift */; };
		304E05A32D84611F00D79A8E /* LoginViewController.swift in Sources */ = {isa = PBXBuildFile; fileRef = 304E058D2D84611F00D79A8E /* LoginViewController.swift */; };
		304E05A42D84611F00D79A8E /* OnboardingContainerViewController.swift in Sources */ = {isa = PBXBuildFile; fileRef = 304E058F2D84611F00D79A8E /* OnboardingContainerViewController.swift */; };
		304E05A52D84611F00D79A8E /* OnboardingViewController.swift in Sources */ = {isa = PBXBuildFile; fileRef = 304E05902D84611F00D79A8E /* OnboardingViewController.swift */; };
		304E05A62D84611F00D79A8E /* LocalState.swift in Sources */ = {isa = PBXBuildFile; fileRef = 304E05922D84611F00D79A8E /* LocalState.swift */; };
		304E05A72D84611F00D79A8E /* UIViewController+Utils.swift in Sources */ = {isa = PBXBuildFile; fileRef = 304E05932D84611F00D79A8E /* UIViewController+Utils.swift */; };
		304E05A82D84611F00D79A8E /* AppDelegate.swift in Sources */ = {isa = PBXBuildFile; fileRef = 304E05952D84611F00D79A8E /* AppDelegate.swift */; };
		304E05A92D84611F00D79A8E /* MainViewController.swift in Sources */ = {isa = PBXBuildFile; fileRef = 304E059B2D84611F00D79A8E /* MainViewController.swift */; };
		304E05AC2D846BC800D79A8E /* AccountSummaryHeaderView.swift in Sources */ = {isa = PBXBuildFile; fileRef = 304E05AB2D846BBC00D79A8E /* AccountSummaryHeaderView.swift */; };
		304E05B02D846C1900D79A8E /* AccountSummaryHeaderView.xib in Resources */ = {isa = PBXBuildFile; fileRef = 304E05AF2D846C1900D79A8E /* AccountSummaryHeaderView.xib */; };
/* End PBXBuildFile section */

/* Begin PBXFileReference section */
		304E058A2D84611F00D79A8E /* AccountSummaryViewController.swift */ = {isa = PBXFileReference; lastKnownFileType = sourcecode.swift; path = AccountSummaryViewController.swift; sourceTree = "<group>"; };
		304E058C2D84611F00D79A8E /* LoginView.swift */ = {isa = PBXFileReference; lastKnownFileType = sourcecode.swift; path = LoginView.swift; sourceTree = "<group>"; };
		304E058D2D84611F00D79A8E /* LoginViewController.swift */ = {isa = PBXFileReference; lastKnownFileType = sourcecode.swift; path = LoginViewController.swift; sourceTree = "<group>"; };
		304E058F2D84611F00D79A8E /* OnboardingContainerViewController.swift */ = {isa = PBXFileReference; lastKnownFileType = sourcecode.swift; path = OnboardingContainerViewController.swift; sourceTree = "<group>"; };
		304E05902D84611F00D79A8E /* OnboardingViewController.swift */ = {isa = PBXFileReference; lastKnownFileType = sourcecode.swift; path = OnboardingViewController.swift; sourceTree = "<group>"; };
		304E05922D84611F00D79A8E /* LocalState.swift */ = {isa = PBXFileReference; lastKnownFileType = sourcecode.swift; path = LocalState.swift; sourceTree = "<group>"; };
		304E05932D84611F00D79A8E /* UIViewController+Utils.swift */ = {isa = PBXFileReference; lastKnownFileType = sourcecode.swift; path = "UIViewController+Utils.swift"; sourceTree = "<group>"; };
		304E05952D84611F00D79A8E /* AppDelegate.swift */ = {isa = PBXFileReference; lastKnownFileType = sourcecode.swift; path = AppDelegate.swift; sourceTree = "<group>"; };
		304E05962D84611F00D79A8E /* Assets.xcassets */ = {isa = PBXFileReference; lastKnownFileType = folder.assetcatalog; path = Assets.xcassets; sourceTree = "<group>"; };
		304E05972D84611F00D79A8E /* File.txt */ = {isa = PBXFileReference; lastKnownFileType = text; path = File.txt; sourceTree = "<group>"; };
		304E05982D84611F00D79A8E /* Info.plist */ = {isa = PBXFileReference; lastKnownFileType = text.plist.xml; path = Info.plist; sourceTree = "<group>"; };
		304E05992D84611F00D79A8E /* Base */ = {isa = PBXFileReference; lastKnownFileType = file.storyboard; name = Base; path = Base.lproj/LaunchScreen.storyboard; sourceTree = "<group>"; };
		304E059B2D84611F00D79A8E /* MainViewController.swift */ = {isa = PBXFileReference; lastKnownFileType = sourcecode.swift; path = MainViewController.swift; sourceTree = "<group>"; };
		304E05AB2D846BBC00D79A8E /* AccountSummaryHeaderView.swift */ = {isa = PBXFileReference; lastKnownFileType = sourcecode.swift; path = AccountSummaryHeaderView.swift; sourceTree = "<group>"; };
		304E05AF2D846C1900D79A8E /* AccountSummaryHeaderView.xib */ = {isa = PBXFileReference; lastKnownFileType = file.xib; path = AccountSummaryHeaderView.xib; sourceTree = "<group>"; };
		30C523302D774FC600C4B7D2 /* Bankey Re-do.app */ = {isa = PBXFileReference; explicitFileType = wrapper.application; includeInIndex = 0; path = "Bankey Re-do.app"; sourceTree = BUILT_PRODUCTS_DIR; };
/* End PBXFileReference section */

/* Begin PBXFrameworksBuildPhase section */
		30C5232D2D774FC600C4B7D2 /* Frameworks */ = {
			isa = PBXFrameworksBuildPhase;
			buildActionMask = 2147483647;
			files = (
			);
			runOnlyForDeploymentPostprocessing = 0;
		};
/* End PBXFrameworksBuildPhase section */

/* Begin PBXGroup section */
		304E058B2D84611F00D79A8E /* Account Summary */ = {
			isa = PBXGroup;
			children = (
				304E05AB2D846BBC00D79A8E /* AccountSummaryHeaderView.swift */,
				304E058A2D84611F00D79A8E /* AccountSummaryViewController.swift */,
				304E05AF2D846C1900D79A8E /* AccountSummaryHeaderView.xib */,
			);
			path = "Account Summary";
			sourceTree = "<group>";
		};
		304E058E2D84611F00D79A8E /* Login */ = {
			isa = PBXGroup;
			children = (
				304E058C2D84611F00D79A8E /* LoginView.swift */,
				304E058D2D84611F00D79A8E /* LoginViewController.swift */,
			);
			path = Login;
			sourceTree = "<group>";
		};
		304E05912D84611F00D79A8E /* Onboarding */ = {
			isa = PBXGroup;
			children = (
				304E058F2D84611F00D79A8E /* OnboardingContainerViewController.swift */,
				304E05902D84611F00D79A8E /* OnboardingViewController.swift */,
			);
			path = Onboarding;
			sourceTree = "<group>";
		};
		304E05942D84611F00D79A8E /* Utils */ = {
			isa = PBXGroup;
			children = (
				304E05922D84611F00D79A8E /* LocalState.swift */,
				304E05932D84611F00D79A8E /* UIViewController+Utils.swift */,
			);
			path = Utils;
			sourceTree = "<group>";
		};
		304E059C2D84611F00D79A8E /* Bankey Re-do */ = {
			isa = PBXGroup;
			children = (
				304E058E2D84611F00D79A8E /* Login */,
				304E05912D84611F00D79A8E /* Onboarding */,
				304E058B2D84611F00D79A8E /* Account Summary */,
				304E05942D84611F00D79A8E /* Utils */,
				304E05AA2D84615A00D79A8E /* files */,
				304E05952D84611F00D79A8E /* AppDelegate.swift */,
				304E059B2D84611F00D79A8E /* MainViewController.swift */,
				304E05982D84611F00D79A8E /* Info.plist */,
			);
			path = "Bankey Re-do";
			sourceTree = "<group>";
		};
		304E05AA2D84615A00D79A8E /* files */ = {
			isa = PBXGroup;
			children = (
				304E05962D84611F00D79A8E /* Assets.xcassets */,
				304E05972D84611F00D79A8E /* File.txt */,
				304E059A2D84611F00D79A8E /* LaunchScreen.storyboard */,
			);
			path = files;
			sourceTree = "<group>";
		};
		30C523272D774FC600C4B7D2 = {
			isa = PBXGroup;
			children = (
				304E059C2D84611F00D79A8E /* Bankey Re-do */,
				30C523312D774FC600C4B7D2 /* Products */,
			);
			sourceTree = "<group>";
		};
		30C523312D774FC600C4B7D2 /* Products */ = {
			isa = PBXGroup;
			children = (
				30C523302D774FC600C4B7D2 /* Bankey Re-do.app */,
			);
			name = Products;
			sourceTree = "<group>";
		};
/* End PBXGroup section */

/* Begin PBXNativeTarget section */
		30C5232F2D774FC600C4B7D2 /* Bankey Re-do */ = {
			isa = PBXNativeTarget;
			buildConfigurationList = 30C523432D774FC800C4B7D2 /* Build configuration list for PBXNativeTarget "Bankey Re-do" */;
			buildPhases = (
				30C5232C2D774FC600C4B7D2 /* Sources */,
				30C5232D2D774FC600C4B7D2 /* Frameworks */,
				30C5232E2D774FC600C4B7D2 /* Resources */,
			);
			buildRules = (
			);
			dependencies = (
			);
			name = "Bankey Re-do";
			packageProductDependencies = (
			);
			productName = "Bankey Re-do";
			productReference = 30C523302D774FC600C4B7D2 /* Bankey Re-do.app */;
			productType = "com.apple.product-type.application";
		};
/* End PBXNativeTarget section */

/* Begin PBXProject section */
		30C523282D774FC600C4B7D2 /* Project object */ = {
			isa = PBXProject;
			attributes = {
				BuildIndependentTargetsInParallel = 1;
				LastSwiftUpdateCheck = 1620;
				LastUpgradeCheck = 1620;
				TargetAttributes = {
					30C5232F2D774FC600C4B7D2 = {
						CreatedOnToolsVersion = 16.2;
					};
				};
			};
			buildConfigurationList = 30C5232B2D774FC600C4B7D2 /* Build configuration list for PBXProject "Bankey Re-do" */;
			developmentRegion = en;
			hasScannedForEncodings = 0;
			knownRegions = (
				en,
				Base,
			);
			mainGroup = 30C523272D774FC600C4B7D2;
			minimizedProjectReferenceProxies = 1;
			preferredProjectObjectVersion = 77;
			productRefGroup = 30C523312D774FC600C4B7D2 /* Products */;
			projectDirPath = "";
			projectRoot = "";
			targets = (
				30C5232F2D774FC600C4B7D2 /* Bankey Re-do */,
			);
		};
/* End PBXProject section */

/* Begin PBXResourcesBuildPhase section */
		30C5232E2D774FC600C4B7D2 /* Resources */ = {
			isa = PBXResourcesBuildPhase;
			buildActionMask = 2147483647;
			files = (
				304E05B02D846C1900D79A8E /* AccountSummaryHeaderView.xib in Resources */,
				304E059D2D84611F00D79A8E /* Assets.xcassets in Resources */,
				304E059E2D84611F00D79A8E /* File.txt in Resources */,
				304E05A02D84611F00D79A8E /* LaunchScreen.storyboard in Resources */,
			);
			runOnlyForDeploymentPostprocessing = 0;
		};
/* End PBXResourcesBuildPhase section */

/* Begin PBXSourcesBuildPhase section */
		30C5232C2D774FC600C4B7D2 /* Sources */ = {
			isa = PBXSourcesBuildPhase;
			buildActionMask = 2147483647;
			files = (
				304E05AC2D846BC800D79A8E /* AccountSummaryHeaderView.swift in Sources */,
				304E05A12D84611F00D79A8E /* AccountSummaryViewController.swift in Sources */,
				304E05A22D84611F00D79A8E /* LoginView.swift in Sources */,
				304E05A32D84611F00D79A8E /* LoginViewController.swift in Sources */,
				304E05A42D84611F00D79A8E /* OnboardingContainerViewController.swift in Sources */,
				304E05A52D84611F00D79A8E /* OnboardingViewController.swift in Sources */,
				304E05A62D84611F00D79A8E /* LocalState.swift in Sources */,
				304E05A72D84611F00D79A8E /* UIViewController+Utils.swift in Sources */,
				304E05A82D84611F00D79A8E /* AppDelegate.swift in Sources */,
				304E05A92D84611F00D79A8E /* MainViewController.swift in Sources */,
			);
			runOnlyForDeploymentPostprocessing = 0;
		};
/* End PBXSourcesBuildPhase section */

/* Begin PBXVariantGroup section */
		304E059A2D84611F00D79A8E /* LaunchScreen.storyboard */ = {
			isa = PBXVariantGroup;
			children = (
				304E05992D84611F00D79A8E /* Base */,
			);
			name = LaunchScreen.storyboard;
			sourceTree = "<group>";
		};
/* End PBXVariantGroup section */

/* Begin XCBuildConfiguration section */
		30C523442D774FC800C4B7D2 /* Debug */ = {
			isa = XCBuildConfiguration;
			buildSettings = {
				ASSETCATALOG_COMPILER_APPICON_NAME = AppIcon;
				ASSETCATALOG_COMPILER_GLOBAL_ACCENT_COLOR_NAME = AccentColor;
				CODE_SIGN_STYLE = Automatic;
				CURRENT_PROJECT_VERSION = 1;
				GENERATE_INFOPLIST_FILE = YES;
				INFOPLIST_FILE = "Bankey Re-do/Info.plist";
				INFOPLIST_KEY_UIApplicationSupportsIndirectInputEvents = YES;
				INFOPLIST_KEY_UILaunchStoryboardName = LaunchScreen;
				INFOPLIST_KEY_UISupportedInterfaceOrientations_iPad = "UIInterfaceOrientationPortrait UIInterfaceOrientationPortraitUpsideDown UIInterfaceOrientationLandscapeLeft UIInterfaceOrientationLandscapeRight";
				INFOPLIST_KEY_UISupportedInterfaceOrientations_iPhone = "UIInterfaceOrientationPortrait UIInterfaceOrientationLandscapeLeft UIInterfaceOrientationLandscapeRight";
				LD_RUNPATH_SEARCH_PATHS = (
					"$(inherited)",
					"@executable_path/Frameworks",
				);
				MARKETING_VERSION = 1.0;
				PRODUCT_BUNDLE_IDENTIFIER = "com.ironcoding.Bankey-Re-do";
				PRODUCT_NAME = "$(TARGET_NAME)";
				SWIFT_EMIT_LOC_STRINGS = YES;
				SWIFT_VERSION = 5.0;
				TARGETED_DEVICE_FAMILY = "1,2";
			};
			name = Debug;
		};
		30C523452D774FC800C4B7D2 /* Release */ = {
			isa = XCBuildConfiguration;
			buildSettings = {
				ASSETCATALOG_COMPILER_APPICON_NAME = AppIcon;
				ASSETCATALOG_COMPILER_GLOBAL_ACCENT_COLOR_NAME = AccentColor;
				CODE_SIGN_STYLE = Automatic;
				CURRENT_PROJECT_VERSION = 1;
				GENERATE_INFOPLIST_FILE = YES;
				INFOPLIST_FILE = "Bankey Re-do/Info.plist";
				INFOPLIST_KEY_UIApplicationSupportsIndirectInputEvents = YES;
				INFOPLIST_KEY_UILaunchStoryboardName = LaunchScreen;
				INFOPLIST_KEY_UISupportedInterfaceOrientations_iPad = "UIInterfaceOrientationPortrait UIInterfaceOrientationPortraitUpsideDown UIInterfaceOrientationLandscapeLeft UIInterfaceOrientationLandscapeRight";
				INFOPLIST_KEY_UISupportedInterfaceOrientations_iPhone = "UIInterfaceOrientationPortrait UIInterfaceOrientationLandscapeLeft UIInterfaceOrientationLandscapeRight";
				LD_RUNPATH_SEARCH_PATHS = (
					"$(inherited)",
					"@executable_path/Frameworks",
				);
				MARKETING_VERSION = 1.0;
				PRODUCT_BUNDLE_IDENTIFIER = "com.ironcoding.Bankey-Re-do";
				PRODUCT_NAME = "$(TARGET_NAME)";
				SWIFT_EMIT_LOC_STRINGS = YES;
				SWIFT_VERSION = 5.0;
				TARGETED_DEVICE_FAMILY = "1,2";
			};
			name = Release;
		};
		30C523462D774FC800C4B7D2 /* Debug */ = {
			isa = XCBuildConfiguration;
			buildSettings = {
				ALWAYS_SEARCH_USER_PATHS = NO;
				ASSETCATALOG_COMPILER_GENERATE_SWIFT_ASSET_SYMBOL_EXTENSIONS = YES;
				CLANG_ANALYZER_NONNULL = YES;
				CLANG_ANALYZER_NUMBER_OBJECT_CONVERSION = YES_AGGRESSIVE;
				CLANG_CXX_LANGUAGE_STANDARD = "gnu++20";
				CLANG_ENABLE_MODULES = YES;
				CLANG_ENABLE_OBJC_ARC = YES;
				CLANG_ENABLE_OBJC_WEAK = YES;
				CLANG_WARN_BLOCK_CAPTURE_AUTORELEASING = YES;
				CLANG_WARN_BOOL_CONVERSION = YES;
				CLANG_WARN_COMMA = YES;
				CLANG_WARN_CONSTANT_CONVERSION = YES;
				CLANG_WARN_DEPRECATED_OBJC_IMPLEMENTATIONS = YES;
				CLANG_WARN_DIRECT_OBJC_ISA_USAGE = YES_ERROR;
				CLANG_WARN_DOCUMENTATION_COMMENTS = YES;
				CLANG_WARN_EMPTY_BODY = YES;
				CLANG_WARN_ENUM_CONVERSION = YES;
				CLANG_WARN_INFINITE_RECURSION = YES;
				CLANG_WARN_INT_CONVERSION = YES;
				CLANG_WARN_NON_LITERAL_NULL_CONVERSION = YES;
				CLANG_WARN_OBJC_IMPLICIT_RETAIN_SELF = YES;
				CLANG_WARN_OBJC_LITERAL_CONVERSION = YES;
				CLANG_WARN_OBJC_ROOT_CLASS = YES_ERROR;
				CLANG_WARN_QUOTED_INCLUDE_IN_FRAMEWORK_HEADER = YES;
				CLANG_WARN_RANGE_LOOP_ANALYSIS = YES;
				CLANG_WARN_STRICT_PROTOTYPES = YES;
				CLANG_WARN_SUSPICIOUS_MOVE = YES;
				CLANG_WARN_UNGUARDED_AVAILABILITY = YES_AGGRESSIVE;
				CLANG_WARN_UNREACHABLE_CODE = YES;
				CLANG_WARN__DUPLICATE_METHOD_MATCH = YES;
				COPY_PHASE_STRIP = NO;
				DEBUG_INFORMATION_FORMAT = dwarf;
				ENABLE_STRICT_OBJC_MSGSEND = YES;
				ENABLE_TESTABILITY = YES;
				ENABLE_USER_SCRIPT_SANDBOXING = YES;
				GCC_C_LANGUAGE_STANDARD = gnu17;
				GCC_DYNAMIC_NO_PIC = NO;
				GCC_NO_COMMON_BLOCKS = YES;
				GCC_OPTIMIZATION_LEVEL = 0;
				GCC_PREPROCESSOR_DEFINITIONS = (
					"DEBUG=1",
					"$(inherited)",
				);
				GCC_WARN_64_TO_32_BIT_CONVERSION = YES;
				GCC_WARN_ABOUT_RETURN_TYPE = YES_ERROR;
				GCC_WARN_UNDECLARED_SELECTOR = YES;
				GCC_WARN_UNINITIALIZED_AUTOS = YES_AGGRESSIVE;
				GCC_WARN_UNUSED_FUNCTION = YES;
				GCC_WARN_UNUSED_VARIABLE = YES;
				IPHONEOS_DEPLOYMENT_TARGET = 18.2;
				LOCALIZATION_PREFERS_STRING_CATALOGS = YES;
				MTL_ENABLE_DEBUG_INFO = INCLUDE_SOURCE;
				MTL_FAST_MATH = YES;
				ONLY_ACTIVE_ARCH = YES;
				SDKROOT = iphoneos;
				SWIFT_ACTIVE_COMPILATION_CONDITIONS = "DEBUG $(inherited)";
				SWIFT_OPTIMIZATION_LEVEL = "-Onone";
			};
			name = Debug;
		};
		30C523472D774FC800C4B7D2 /* Release */ = {
			isa = XCBuildConfiguration;
			buildSettings = {
				ALWAYS_SEARCH_USER_PATHS = NO;
				ASSETCATALOG_COMPILER_GENERATE_SWIFT_ASSET_SYMBOL_EXTENSIONS = YES;
				CLANG_ANALYZER_NONNULL = YES;
				CLANG_ANALYZER_NUMBER_OBJECT_CONVERSION = YES_AGGRESSIVE;
				CLANG_CXX_LANGUAGE_STANDARD = "gnu++20";
				CLANG_ENABLE_MODULES = YES;
				CLANG_ENABLE_OBJC_ARC = YES;
				CLANG_ENABLE_OBJC_WEAK = YES;
				CLANG_WARN_BLOCK_CAPTURE_AUTORELEASING = YES;
				CLANG_WARN_BOOL_CONVERSION = YES;
				CLANG_WARN_COMMA = YES;
				CLANG_WARN_CONSTANT_CONVERSION = YES;
				CLANG_WARN_DEPRECATED_OBJC_IMPLEMENTATIONS = YES;
				CLANG_WARN_DIRECT_OBJC_ISA_USAGE = YES_ERROR;
				CLANG_WARN_DOCUMENTATION_COMMENTS = YES;
				CLANG_WARN_EMPTY_BODY = YES;
				CLANG_WARN_ENUM_CONVERSION = YES;
				CLANG_WARN_INFINITE_RECURSION = YES;
				CLANG_WARN_INT_CONVERSION = YES;
				CLANG_WARN_NON_LITERAL_NULL_CONVERSION = YES;
				CLANG_WARN_OBJC_IMPLICIT_RETAIN_SELF = YES;
				CLANG_WARN_OBJC_LITERAL_CONVERSION = YES;
				CLANG_WARN_OBJC_ROOT_CLASS = YES_ERROR;
				CLANG_WARN_QUOTED_INCLUDE_IN_FRAMEWORK_HEADER = YES;
				CLANG_WARN_RANGE_LOOP_ANALYSIS = YES;
				CLANG_WARN_STRICT_PROTOTYPES = YES;
				CLANG_WARN_SUSPICIOUS_MOVE = YES;
				CLANG_WARN_UNGUARDED_AVAILABILITY = YES_AGGRESSIVE;
				CLANG_WARN_UNREACHABLE_CODE = YES;
				CLANG_WARN__DUPLICATE_METHOD_MATCH = YES;
				COPY_PHASE_STRIP = NO;
				DEBUG_INFORMATION_FORMAT = "dwarf-with-dsym";
				ENABLE_NS_ASSERTIONS = NO;
				ENABLE_STRICT_OBJC_MSGSEND = YES;
				ENABLE_USER_SCRIPT_SANDBOXING = YES;
				GCC_C_LANGUAGE_STANDARD = gnu17;
				GCC_NO_COMMON_BLOCKS = YES;
				GCC_WARN_64_TO_32_BIT_CONVERSION = YES;
				GCC_WARN_ABOUT_RETURN_TYPE = YES_ERROR;
				GCC_WARN_UNDECLARED_SELECTOR = YES;
				GCC_WARN_UNINITIALIZED_AUTOS = YES_AGGRESSIVE;
				GCC_WARN_UNUSED_FUNCTION = YES;
				GCC_WARN_UNUSED_VARIABLE = YES;
				IPHONEOS_DEPLOYMENT_TARGET = 18.2;
				LOCALIZATION_PREFERS_STRING_CATALOGS = YES;
				MTL_ENABLE_DEBUG_INFO = NO;
				MTL_FAST_MATH = YES;
				SDKROOT = iphoneos;
				SWIFT_COMPILATION_MODE = wholemodule;
				VALIDATE_PRODUCT = YES;
			};
			name = Release;
		};
/* End XCBuildConfiguration section */

/* Begin XCConfigurationList section */
		30C5232B2D774FC600C4B7D2 /* Build configuration list for PBXProject "Bankey Re-do" */ = {
			isa = XCConfigurationList;
			buildConfigurations = (
				30C523462D774FC800C4B7D2 /* Debug */,
				30C523472D774FC800C4B7D2 /* Release */,
			);
			defaultConfigurationIsVisible = 0;
			defaultConfigurationName = Release;
		};
		30C523432D774FC800C4B7D2 /* Build configuration list for PBXNativeTarget "Bankey Re-do" */ = {
			isa = XCConfigurationList;
			buildConfigurations = (
				30C523442D774FC800C4B7D2 /* Debug */,
				30C523452D774FC800C4B7D2 /* Release */,
			);
			defaultConfigurationIsVisible = 0;
			defaultConfigurationName = Release;
		};
/* End XCConfigurationList section */
	};
	rootObject = 30C523282D774FC600C4B7D2 /* Project object */;
}
